# Generated by buf. DO NOT EDIT.
version: v1
deps:
  - remote: buf.build
    owner: googleapis
    repository: googleapis
    commit: 8bc2c51e08c447cd8886cdea48a73e14
    digest: shake256:a969155953a5cedc5b2df5b42c368f2bc66ff8ce1804bc96e0f14ff2ee8a893687963058909df844d1643cdbc98ff099d2daa6bc9f9f5b8886c49afdc60e19af
  - remote: buf.build
    owner: streamingfast
    repository: firehose-gear
    commit: 48ba4c16b5a0428f9020af00d774de9a
    digest: shake256:bd9e6f3707da88efb62c396bd2adcfc52bc054c3ef53464a6b4ad11a820d2153afb3abfcff9de2cc62c69389ff487729b18ca7b7e286bfe17c5e8614b35b99f4
